
Microsoft Visual Studio Solution File, Format Version 12.00
# Visual Studio Version 16
VisualStudioVersion = 16.0.28315.86
MinimumVisualStudioVersion = 10.0.40219.1
Project("{FAE04EC0-301F-11D3-BF4B-00C04F79EFBC}") = "PowerRun", "PowerRun\PowerRun.csproj", "{7CC5E36E-FACF-4254-94D3-EFC08387A5A1}"
EndProject
Global
	GlobalSection(SolutionConfigurationPlatforms) = preSolution
		Debug|Any CPU = Debug|Any CPU
		Release|Any CPU = Release|Any CPU
	EndGlobalSection
	GlobalSection(ProjectConfigurationPlatforms) = postSolution
		{7CC5E36E-FACF-4254-94D3-EFC08387A5A1}.Debug|Any CPU.ActiveCfg = Debug|Any CPU
		{7CC5E36E-FACF-4254-94D3-EFC08387A5A1}.Debug|Any CPU.Build.0 = Debug|Any CPU
		{7CC5E36E-FACF-4254-94D3-EFC08387A5A1}.Release|Any CPU.ActiveCfg = Release|Any CPU
		{7CC5E36E-FACF-4254-94D3-EFC08387A5A1}.Release|Any CPU.Build.0 = Release|Any CPU
	EndGlobalSection
	GlobalSection(SolutionProperties) = preSolution
		HideSolutionNode = FALSE
	EndGlobalSection
	GlobalSection(ExtensibilityGlobals) = postSolution
		SolutionGuid = {B7FF9962-13E6-452E-9D40-15125313FA31}
	EndGlobalSection
EndGlobal
